
Microsoft Visual Studio Solution File, Format Version 12.00
# Visual Studio Version 16
VisualStudioVersion = 16.0.30621.155
MinimumVisualStudioVersion = 10.0.40219.1
Project("{FAE04EC0-301F-11D3-BF4B-00C04F79EFBC}") = "Newtonsoft JSON", "Newtonsoft JSON\Newtonsoft JSON.csproj", "{EB4758CA-A713-4BA8-80FE-4B2B456BB218}"
EndProject
Project("{FAE04EC0-301F-11D3-BF4B-00C04F79EFBC}") = "NJson", "NJson\NJson.csproj", "{539917C7-9904-4ABC-B84A-20B760E65257}"
EndProject
Global
	GlobalSection(SolutionConfigurationPlatforms) = preSolution
		Debug|Any CPU = Debug|Any CPU
		Release|Any CPU = Release|Any CPU
	EndGlobalSection
	GlobalSection(ProjectConfigurationPlatforms) = postSolution
		{EB4758CA-A713-4BA8-80FE-4B2B456BB218}.Debug|Any CPU.ActiveCfg = Debug|Any CPU
		{EB4758CA-A713-4BA8-80FE-4B2B456BB218}.Debug|Any CPU.Build.0 = Debug|Any CPU
		{EB4758CA-A713-4BA8-80FE-4B2B456BB218}.Release|Any CPU.ActiveCfg = Release|Any CPU
		{EB4758CA-A713-4BA8-80FE-4B2B456BB218}.Release|Any CPU.Build.0 = Release|Any CPU
		{539917C7-9904-4ABC-B84A-20B760E65257}.Debug|Any CPU.ActiveCfg = Debug|Any CPU
		{539917C7-9904-4ABC-B84A-20B760E65257}.Debug|Any CPU.Build.0 = Debug|Any CPU
		{539917C7-9904-4ABC-B84A-20B760E65257}.Release|Any CPU.ActiveCfg = Release|Any CPU
		{539917C7-9904-4ABC-B84A-20B760E65257}.Release|Any CPU.Build.0 = Release|Any CPU
	EndGlobalSection
	GlobalSection(SolutionProperties) = preSolution
		HideSolutionNode = FALSE
	EndGlobalSection
	GlobalSection(ExtensibilityGlobals) = postSolution
		SolutionGuid = {FAD0F566-AD66-4525-8FCE-ECC52106FB87}
	EndGlobalSection
EndGlobal
