
Microsoft Visual Studio Solution File, Format Version 12.00
# Visual Studio Version 16
VisualStudioVersion = 16.0.30621.155
MinimumVisualStudioVersion = 10.0.40219.1
Project("{9A19103F-16F7-4668-BE54-9A1E7A4F7556}") = "CollectionProject", "CollectionProject\CollectionProject.csproj", "{DF91EC00-75FE-48C7-BBA4-A59C833B7E63}"
EndProject
Project("{9A19103F-16F7-4668-BE54-9A1E7A4F7556}") = "Linq", "Genericcollection\Linq.csproj", "{68BCAFCD-54A4-472E-8D2A-2C762A88D3B7}"
EndProject
Project("{9A19103F-16F7-4668-BE54-9A1E7A4F7556}") = "EventsAndDelegates", "EventsAndDelegates\EventsAndDelegates.csproj", "{D79F1962-3744-409A-ABBB-17EA518456C0}"
EndProject
Project("{9A19103F-16F7-4668-BE54-9A1E7A4F7556}") = "Events", "Events\Events.csproj", "{27E5D3B8-379E-43AD-A793-66E1B4D38E47}"
EndProject
Project("{FAE04EC0-301F-11D3-BF4B-00C04F79EFBC}") = "ConcurrentCollections", "ConcurrentCollections\ConcurrentCollections.csproj", "{48352DE8-9AE2-4FA0-BBAE-E0D664BDF031}"
EndProject
Global
	GlobalSection(SolutionConfigurationPlatforms) = preSolution
		Debug|Any CPU = Debug|Any CPU
		Release|Any CPU = Release|Any CPU
	EndGlobalSection
	GlobalSection(ProjectConfigurationPlatforms) = postSolution
		{DF91EC00-75FE-48C7-BBA4-A59C833B7E63}.Debug|Any CPU.ActiveCfg = Debug|Any CPU
		{DF91EC00-75FE-48C7-BBA4-A59C833B7E63}.Debug|Any CPU.Build.0 = Debug|Any CPU
		{DF91EC00-75FE-48C7-BBA4-A59C833B7E63}.Release|Any CPU.ActiveCfg = Release|Any CPU
		{DF91EC00-75FE-48C7-BBA4-A59C833B7E63}.Release|Any CPU.Build.0 = Release|Any CPU
		{68BCAFCD-54A4-472E-8D2A-2C762A88D3B7}.Debug|Any CPU.ActiveCfg = Debug|Any CPU
		{68BCAFCD-54A4-472E-8D2A-2C762A88D3B7}.Debug|Any CPU.Build.0 = Debug|Any CPU
		{68BCAFCD-54A4-472E-8D2A-2C762A88D3B7}.Release|Any CPU.ActiveCfg = Release|Any CPU
		{68BCAFCD-54A4-472E-8D2A-2C762A88D3B7}.Release|Any CPU.Build.0 = Release|Any CPU
		{D79F1962-3744-409A-ABBB-17EA518456C0}.Debug|Any CPU.ActiveCfg = Debug|Any CPU
		{D79F1962-3744-409A-ABBB-17EA518456C0}.Debug|Any CPU.Build.0 = Debug|Any CPU
		{D79F1962-3744-409A-ABBB-17EA518456C0}.Release|Any CPU.ActiveCfg = Release|Any CPU
		{D79F1962-3744-409A-ABBB-17EA518456C0}.Release|Any CPU.Build.0 = Release|Any CPU
		{27E5D3B8-379E-43AD-A793-66E1B4D38E47}.Debug|Any CPU.ActiveCfg = Debug|Any CPU
		{27E5D3B8-379E-43AD-A793-66E1B4D38E47}.Debug|Any CPU.Build.0 = Debug|Any CPU
		{27E5D3B8-379E-43AD-A793-66E1B4D38E47}.Release|Any CPU.ActiveCfg = Release|Any CPU
		{27E5D3B8-379E-43AD-A793-66E1B4D38E47}.Release|Any CPU.Build.0 = Release|Any CPU
		{48352DE8-9AE2-4FA0-BBAE-E0D664BDF031}.Debug|Any CPU.ActiveCfg = Debug|Any CPU
		{48352DE8-9AE2-4FA0-BBAE-E0D664BDF031}.Debug|Any CPU.Build.0 = Debug|Any CPU
		{48352DE8-9AE2-4FA0-BBAE-E0D664BDF031}.Release|Any CPU.ActiveCfg = Release|Any CPU
		{48352DE8-9AE2-4FA0-BBAE-E0D664BDF031}.Release|Any CPU.Build.0 = Release|Any CPU
	EndGlobalSection
	GlobalSection(SolutionProperties) = preSolution
		HideSolutionNode = FALSE
	EndGlobalSection
	GlobalSection(ExtensibilityGlobals) = postSolution
		SolutionGuid = {4BC43CA4-FDD1-4534-9DF4-414210B2CA10}
	EndGlobalSection
EndGlobal
