
Microsoft Visual Studio Solution File, Format Version 12.00
# Visual Studio Version 16
VisualStudioVersion = 16.0.30621.155
MinimumVisualStudioVersion = 10.0.40219.1
Project("{9A19103F-16F7-4668-BE54-9A1E7A4F7556}") = "AdoNetwork", "AdoNetwork\AdoNetwork.csproj", "{1C0C502D-D0AD-40E7-9D2E-B57A7A901A6A}"
EndProject
Project("{9A19103F-16F7-4668-BE54-9A1E7A4F7556}") = "ADODEMO", "ADODEMO\ADODEMO.csproj", "{157EE2C8-B795-404D-90A7-9038339DB10E}"
EndProject
Project("{9A19103F-16F7-4668-BE54-9A1E7A4F7556}") = "WebAPP", "WebAPP\WebAPP.csproj", "{024970EC-FEB8-4301-A64D-56BAAA554E46}"
EndProject
Project("{FAE04EC0-301F-11D3-BF4B-00C04F79EFBC}") = "WinFormApp", "WinFormApp\WinFormApp.csproj", "{7AF9D82B-148F-43C6-8E2C-C2A3D0E0A55A}"
EndProject
Project("{FAE04EC0-301F-11D3-BF4B-00C04F79EFBC}") = "WebApps", "WebApps\WebApps.csproj", "{23D41B82-E21B-4990-B8E1-4CA5C55BB831}"
EndProject
Global
	GlobalSection(SolutionConfigurationPlatforms) = preSolution
		Debug|Any CPU = Debug|Any CPU
		Release|Any CPU = Release|Any CPU
	EndGlobalSection
	GlobalSection(ProjectConfigurationPlatforms) = postSolution
		{1C0C502D-D0AD-40E7-9D2E-B57A7A901A6A}.Debug|Any CPU.ActiveCfg = Debug|Any CPU
		{1C0C502D-D0AD-40E7-9D2E-B57A7A901A6A}.Debug|Any CPU.Build.0 = Debug|Any CPU
		{1C0C502D-D0AD-40E7-9D2E-B57A7A901A6A}.Release|Any CPU.ActiveCfg = Release|Any CPU
		{1C0C502D-D0AD-40E7-9D2E-B57A7A901A6A}.Release|Any CPU.Build.0 = Release|Any CPU
		{157EE2C8-B795-404D-90A7-9038339DB10E}.Debug|Any CPU.ActiveCfg = Debug|Any CPU
		{157EE2C8-B795-404D-90A7-9038339DB10E}.Debug|Any CPU.Build.0 = Debug|Any CPU
		{157EE2C8-B795-404D-90A7-9038339DB10E}.Release|Any CPU.ActiveCfg = Release|Any CPU
		{157EE2C8-B795-404D-90A7-9038339DB10E}.Release|Any CPU.Build.0 = Release|Any CPU
		{024970EC-FEB8-4301-A64D-56BAAA554E46}.Debug|Any CPU.ActiveCfg = Debug|Any CPU
		{024970EC-FEB8-4301-A64D-56BAAA554E46}.Debug|Any CPU.Build.0 = Debug|Any CPU
		{024970EC-FEB8-4301-A64D-56BAAA554E46}.Release|Any CPU.ActiveCfg = Release|Any CPU
		{024970EC-FEB8-4301-A64D-56BAAA554E46}.Release|Any CPU.Build.0 = Release|Any CPU
		{7AF9D82B-148F-43C6-8E2C-C2A3D0E0A55A}.Debug|Any CPU.ActiveCfg = Debug|Any CPU
		{7AF9D82B-148F-43C6-8E2C-C2A3D0E0A55A}.Debug|Any CPU.Build.0 = Debug|Any CPU
		{7AF9D82B-148F-43C6-8E2C-C2A3D0E0A55A}.Release|Any CPU.ActiveCfg = Release|Any CPU
		{7AF9D82B-148F-43C6-8E2C-C2A3D0E0A55A}.Release|Any CPU.Build.0 = Release|Any CPU
		{23D41B82-E21B-4990-B8E1-4CA5C55BB831}.Debug|Any CPU.ActiveCfg = Debug|Any CPU
		{23D41B82-E21B-4990-B8E1-4CA5C55BB831}.Debug|Any CPU.Build.0 = Debug|Any CPU
		{23D41B82-E21B-4990-B8E1-4CA5C55BB831}.Release|Any CPU.ActiveCfg = Release|Any CPU
		{23D41B82-E21B-4990-B8E1-4CA5C55BB831}.Release|Any CPU.Build.0 = Release|Any CPU
	EndGlobalSection
	GlobalSection(SolutionProperties) = preSolution
		HideSolutionNode = FALSE
	EndGlobalSection
	GlobalSection(ExtensibilityGlobals) = postSolution
		SolutionGuid = {DA530B0E-4482-4411-971F-89E4993CBF24}
	EndGlobalSection
EndGlobal
