
Microsoft Visual Studio Solution File, Format Version 12.00
# Visual Studio Version 16
VisualStudioVersion = 16.0.30621.155
MinimumVisualStudioVersion = 10.0.40219.1
Project("{FAE04EC0-301F-11D3-BF4B-00C04F79EFBC}") = "AdoNetConsoleApp", "AdoNetConsoleApp\AdoNetConsoleApp.csproj", "{9E81446D-1DC6-4921-B048-63D5E777A04D}"
EndProject
Global
	GlobalSection(SolutionConfigurationPlatforms) = preSolution
		Debug|Any CPU = Debug|Any CPU
		Release|Any CPU = Release|Any CPU
	EndGlobalSection
	GlobalSection(ProjectConfigurationPlatforms) = postSolution
		{9E81446D-1DC6-4921-B048-63D5E777A04D}.Debug|Any CPU.ActiveCfg = Debug|Any CPU
		{9E81446D-1DC6-4921-B048-63D5E777A04D}.Debug|Any CPU.Build.0 = Debug|Any CPU
		{9E81446D-1DC6-4921-B048-63D5E777A04D}.Release|Any CPU.ActiveCfg = Release|Any CPU
		{9E81446D-1DC6-4921-B048-63D5E777A04D}.Release|Any CPU.Build.0 = Release|Any CPU
	EndGlobalSection
	GlobalSection(SolutionProperties) = preSolution
		HideSolutionNode = FALSE
	EndGlobalSection
	GlobalSection(ExtensibilityGlobals) = postSolution
		SolutionGuid = {6D5C4D23-B7BB-4BA0-A091-902E73B7ED67}
	EndGlobalSection
EndGlobal
