
Microsoft Visual Studio Solution File, Format Version 12.00
# Blend for Visual Studio Version 16
VisualStudioVersion = 16.0.30621.155
MinimumVisualStudioVersion = 10.0.40219.1
Project("{FAE04EC0-301F-11D3-BF4B-00C04F79EFBC}") = "BIZRUNTIME", "BIZRUNTIME.csproj", "{FBE732D7-72B2-4F50-9BC4-5CD390CE8CC0}"
EndProject
Global
	GlobalSection(SolutionConfigurationPlatforms) = preSolution
		Debug|Any CPU = Debug|Any CPU
		Release|Any CPU = Release|Any CPU
	EndGlobalSection
	GlobalSection(ProjectConfigurationPlatforms) = postSolution
		{FBE732D7-72B2-4F50-9BC4-5CD390CE8CC0}.Debug|Any CPU.ActiveCfg = Debug|Any CPU
		{FBE732D7-72B2-4F50-9BC4-5CD390CE8CC0}.Debug|Any CPU.Build.0 = Debug|Any CPU
		{FBE732D7-72B2-4F50-9BC4-5CD390CE8CC0}.Release|Any CPU.ActiveCfg = Release|Any CPU
		{FBE732D7-72B2-4F50-9BC4-5CD390CE8CC0}.Release|Any CPU.Build.0 = Release|Any CPU
	EndGlobalSection
	GlobalSection(SolutionProperties) = preSolution
		HideSolutionNode = FALSE
	EndGlobalSection
	GlobalSection(ExtensibilityGlobals) = postSolution
		SolutionGuid = {7DA91D2F-6B72-43BB-949D-EAE043595E3B}
	EndGlobalSection
EndGlobal
